
Microsoft Visual Studio Solution File, Format Version 12.00
# Visual Studio Version 16
VisualStudioVersion = 16.0.31205.134
MinimumVisualStudioVersion = 10.0.40219.1
Project("{9A19103F-16F7-4668-BE54-9A1E7A4F7556}") = "EventsApplication", "EventsApplication\EventsApplication.csproj", "{489AA07B-D804-4197-A1A6-B0C2F5783D99}"
EndProject
Project("{FAE04EC0-301F-11D3-BF4B-00C04F79EFBC}") = "TestProject", "TestProject\TestProject.csproj", "{520FC096-6F8B-4FA3-A727-8E8B04821727}"
EndProject
Global
	GlobalSection(SolutionConfigurationPlatforms) = preSolution
		Debug|Any CPU = Debug|Any CPU
		Release|Any CPU = Release|Any CPU
	EndGlobalSection
	GlobalSection(ProjectConfigurationPlatforms) = postSolution
		{489AA07B-D804-4197-A1A6-B0C2F5783D99}.Debug|Any CPU.ActiveCfg = Debug|Any CPU
		{489AA07B-D804-4197-A1A6-B0C2F5783D99}.Debug|Any CPU.Build.0 = Debug|Any CPU
		{489AA07B-D804-4197-A1A6-B0C2F5783D99}.Release|Any CPU.ActiveCfg = Release|Any CPU
		{489AA07B-D804-4197-A1A6-B0C2F5783D99}.Release|Any CPU.Build.0 = Release|Any CPU
		{520FC096-6F8B-4FA3-A727-8E8B04821727}.Debug|Any CPU.ActiveCfg = Debug|Any CPU
		{520FC096-6F8B-4FA3-A727-8E8B04821727}.Debug|Any CPU.Build.0 = Debug|Any CPU
		{520FC096-6F8B-4FA3-A727-8E8B04821727}.Release|Any CPU.ActiveCfg = Release|Any CPU
		{520FC096-6F8B-4FA3-A727-8E8B04821727}.Release|Any CPU.Build.0 = Release|Any CPU
	EndGlobalSection
	GlobalSection(SolutionProperties) = preSolution
		HideSolutionNode = FALSE
	EndGlobalSection
	GlobalSection(ExtensibilityGlobals) = postSolution
		SolutionGuid = {BE7123EE-3A99-4421-89C1-49F7342CC3BA}
	EndGlobalSection
EndGlobal
